
Microsoft Visual Studio Solution File, Format Version 12.00
# Visual Studio Version 16
VisualStudioVersion = 16.0.30204.135
MinimumVisualStudioVersion = 10.0.40219.1
Project("{FAE04EC0-301F-11D3-BF4B-00C04F79EFBC}") = "adminLTE", "adminLTE.csproj", "{611C1957-BDB5-472F-8A4C-7FD8FC687DFF}"
EndProject
Global
	GlobalSection(SolutionConfigurationPlatforms) = preSolution
		Debug|Any CPU = Debug|Any CPU
		Release|Any CPU = Release|Any CPU
	EndGlobalSection
	GlobalSection(ProjectConfigurationPlatforms) = postSolution
		{611C1957-BDB5-472F-8A4C-7FD8FC687DFF}.Debug|Any CPU.ActiveCfg = Debug|Any CPU
		{611C1957-BDB5-472F-8A4C-7FD8FC687DFF}.Debug|Any CPU.Build.0 = Debug|Any CPU
		{611C1957-BDB5-472F-8A4C-7FD8FC687DFF}.Release|Any CPU.ActiveCfg = Release|Any CPU
		{611C1957-BDB5-472F-8A4C-7FD8FC687DFF}.Release|Any CPU.Build.0 = Release|Any CPU
	EndGlobalSection
	GlobalSection(SolutionProperties) = preSolution
		HideSolutionNode = FALSE
	EndGlobalSection
	GlobalSection(ExtensibilityGlobals) = postSolution
		SolutionGuid = {AEEFF499-94E7-4A1C-9DD0-317CC42FEF3E}
	EndGlobalSection
EndGlobal
